
Microsoft Visual Studio Solution File, Format Version 12.00
# Visual Studio Version 16
VisualStudioVersion = 16.0.31205.134
MinimumVisualStudioVersion = 10.0.40219.1
Project("{FAE04EC0-301F-11D3-BF4B-00C04F79EFBC}") = "FormsAppCode", "FormsAppCode\FormsAppCode.csproj", "{80B13318-1D96-478B-9CBD-754C5D5197DD}"
EndProject
Project("{FAE04EC0-301F-11D3-BF4B-00C04F79EFBC}") = "FormsAppTemplate", "FormsAppTemplate\FormsAppTemplate.csproj", "{A1F43107-4353-473F-AF16-BD0A24DB2FF5}"
EndProject
Global
	GlobalSection(SolutionConfigurationPlatforms) = preSolution
		Debug|Any CPU = Debug|Any CPU
		Release|Any CPU = Release|Any CPU
	EndGlobalSection
	GlobalSection(ProjectConfigurationPlatforms) = postSolution
		{80B13318-1D96-478B-9CBD-754C5D5197DD}.Debug|Any CPU.ActiveCfg = Debug|Any CPU
		{80B13318-1D96-478B-9CBD-754C5D5197DD}.Debug|Any CPU.Build.0 = Debug|Any CPU
		{80B13318-1D96-478B-9CBD-754C5D5197DD}.Release|Any CPU.ActiveCfg = Release|Any CPU
		{80B13318-1D96-478B-9CBD-754C5D5197DD}.Release|Any CPU.Build.0 = Release|Any CPU
		{A1F43107-4353-473F-AF16-BD0A24DB2FF5}.Debug|Any CPU.ActiveCfg = Debug|Any CPU
		{A1F43107-4353-473F-AF16-BD0A24DB2FF5}.Debug|Any CPU.Build.0 = Debug|Any CPU
		{A1F43107-4353-473F-AF16-BD0A24DB2FF5}.Release|Any CPU.ActiveCfg = Release|Any CPU
		{A1F43107-4353-473F-AF16-BD0A24DB2FF5}.Release|Any CPU.Build.0 = Release|Any CPU
	EndGlobalSection
	GlobalSection(SolutionProperties) = preSolution
		HideSolutionNode = FALSE
	EndGlobalSection
	GlobalSection(ExtensibilityGlobals) = postSolution
		SolutionGuid = {1B6491E7-BB13-4305-B3E9-00FFC8C9ACE8}
	EndGlobalSection
EndGlobal
